
Microsoft Visual Studio Solution File, Format Version 12.00
# Visual Studio Version 17
VisualStudioVersion = 17.14.37314.3
MinimumVisualStudioVersion = 10.0.40219.1
Project("{FAE04EC0-301F-11D3-BF4B-00C04F79EFBC}") = "Patient Grievance and Complaint Resolution", "Patient Grievance and Complaint Resolution\Patient Grievance and Complaint Resolution.csproj", "{0B7DF8E5-909C-4B94-AA33-0C521D6CAC23}"
EndProject
Global
	GlobalSection(SolutionConfigurationPlatforms) = preSolution
		Debug|Any CPU = Debug|Any CPU
		Release|Any CPU = Release|Any CPU
	EndGlobalSection
	GlobalSection(ProjectConfigurationPlatforms) = postSolution
		{0B7DF8E5-909C-4B94-AA33-0C521D6CAC23}.Debug|Any CPU.ActiveCfg = Debug|Any CPU
		{0B7DF8E5-909C-4B94-AA33-0C521D6CAC23}.Debug|Any CPU.Build.0 = Debug|Any CPU
		{0B7DF8E5-909C-4B94-AA33-0C521D6CAC23}.Release|Any CPU.ActiveCfg = Release|Any CPU
		{0B7DF8E5-909C-4B94-AA33-0C521D6CAC23}.Release|Any CPU.Build.0 = Release|Any CPU
	EndGlobalSection
	GlobalSection(SolutionProperties) = preSolution
		HideSolutionNode = FALSE
	EndGlobalSection
	GlobalSection(ExtensibilityGlobals) = postSolution
		SolutionGuid = {0E7AD1C0-5DD9-4DF4-B99A-4F5077828E37}
	EndGlobalSection
EndGlobal
